
Microsoft Visual Studio Solution File, Format Version 12.00
# Visual Studio Version 16
VisualStudioVersion = 16.0.30621.155
MinimumVisualStudioVersion = 10.0.40219.1
Project("{FAE04EC0-301F-11D3-BF4B-00C04F79EFBC}") = "WebApplication1_DapperLXZHQ", "WebApplication1_DapperLXZHQ\WebApplication1_DapperLXZHQ.csproj", "{1414F2BF-C536-4B6F-89FA-C6F176F612F6}"
EndProject
Project("{FAE04EC0-301F-11D3-BF4B-00C04F79EFBC}") = "Model", "Model\Model.csproj", "{12024B14-C288-4825-8DB5-532818448A82}"
EndProject
Project("{FAE04EC0-301F-11D3-BF4B-00C04F79EFBC}") = "DAL", "DAL\DAL.csproj", "{5D74674D-FC30-407F-ADD2-B2D2AB844637}"
EndProject
Project("{FAE04EC0-301F-11D3-BF4B-00C04F79EFBC}") = "BLL", "BLL\BLL.csproj", "{FA169BF7-7758-43FA-896E-E2675BD410F6}"
EndProject
Global
	GlobalSection(SolutionConfigurationPlatforms) = preSolution
		Debug|Any CPU = Debug|Any CPU
		Release|Any CPU = Release|Any CPU
	EndGlobalSection
	GlobalSection(ProjectConfigurationPlatforms) = postSolution
		{1414F2BF-C536-4B6F-89FA-C6F176F612F6}.Debug|Any CPU.ActiveCfg = Debug|Any CPU
		{1414F2BF-C536-4B6F-89FA-C6F176F612F6}.Debug|Any CPU.Build.0 = Debug|Any CPU
		{1414F2BF-C536-4B6F-89FA-C6F176F612F6}.Release|Any CPU.ActiveCfg = Release|Any CPU
		{1414F2BF-C536-4B6F-89FA-C6F176F612F6}.Release|Any CPU.Build.0 = Release|Any CPU
		{12024B14-C288-4825-8DB5-532818448A82}.Debug|Any CPU.ActiveCfg = Debug|Any CPU
		{12024B14-C288-4825-8DB5-532818448A82}.Debug|Any CPU.Build.0 = Debug|Any CPU
		{12024B14-C288-4825-8DB5-532818448A82}.Release|Any CPU.ActiveCfg = Release|Any CPU
		{12024B14-C288-4825-8DB5-532818448A82}.Release|Any CPU.Build.0 = Release|Any CPU
		{5D74674D-FC30-407F-ADD2-B2D2AB844637}.Debug|Any CPU.ActiveCfg = Debug|Any CPU
		{5D74674D-FC30-407F-ADD2-B2D2AB844637}.Debug|Any CPU.Build.0 = Debug|Any CPU
		{5D74674D-FC30-407F-ADD2-B2D2AB844637}.Release|Any CPU.ActiveCfg = Release|Any CPU
		{5D74674D-FC30-407F-ADD2-B2D2AB844637}.Release|Any CPU.Build.0 = Release|Any CPU
		{FA169BF7-7758-43FA-896E-E2675BD410F6}.Debug|Any CPU.ActiveCfg = Debug|Any CPU
		{FA169BF7-7758-43FA-896E-E2675BD410F6}.Debug|Any CPU.Build.0 = Debug|Any CPU
		{FA169BF7-7758-43FA-896E-E2675BD410F6}.Release|Any CPU.ActiveCfg = Release|Any CPU
		{FA169BF7-7758-43FA-896E-E2675BD410F6}.Release|Any CPU.Build.0 = Release|Any CPU
	EndGlobalSection
	GlobalSection(SolutionProperties) = preSolution
		HideSolutionNode = FALSE
	EndGlobalSection
	GlobalSection(ExtensibilityGlobals) = postSolution
		SolutionGuid = {432BDE74-C4DA-4F5C-9F70-094C7856C2AA}
	EndGlobalSection
EndGlobal
